
Microsoft Visual Studio Solution File, Format Version 12.00
# Visual Studio Version 16
VisualStudioVersion = 16.0.31624.102
MinimumVisualStudioVersion = 10.0.40219.1
Project("{FAE04EC0-301F-11D3-BF4B-00C04F79EFBC}") = "laba9", "laba9\laba9.csproj", "{142B532A-C7CF-4273-9393-526B4ACAEC51}"
EndProject
Global
	GlobalSection(SolutionConfigurationPlatforms) = preSolution
		Debug|Any CPU = Debug|Any CPU
		Release|Any CPU = Release|Any CPU
	EndGlobalSection
	GlobalSection(ProjectConfigurationPlatforms) = postSolution
		{142B532A-C7CF-4273-9393-526B4ACAEC51}.Debug|Any CPU.ActiveCfg = Debug|Any CPU
		{142B532A-C7CF-4273-9393-526B4ACAEC51}.Debug|Any CPU.Build.0 = Debug|Any CPU
		{142B532A-C7CF-4273-9393-526B4ACAEC51}.Release|Any CPU.ActiveCfg = Release|Any CPU
		{142B532A-C7CF-4273-9393-526B4ACAEC51}.Release|Any CPU.Build.0 = Release|Any CPU
	EndGlobalSection
	GlobalSection(SolutionProperties) = preSolution
		HideSolutionNode = FALSE
	EndGlobalSection
	GlobalSection(ExtensibilityGlobals) = postSolution
		SolutionGuid = {6382D073-BEDC-4C5C-816C-0AC6B32CE0AC}
	EndGlobalSection
EndGlobal
