
Microsoft Visual Studio Solution File, Format Version 12.00
# Visual Studio Version 16
VisualStudioVersion = 16.0.31624.102
MinimumVisualStudioVersion = 10.0.40219.1
Project("{FAE04EC0-301F-11D3-BF4B-00C04F79EFBC}") = "laba11", "laba11\laba11.csproj", "{3B54A22E-BB11-4BA7-8065-7E31D161FCDE}"
EndProject
Global
	GlobalSection(SolutionConfigurationPlatforms) = preSolution
		Debug|Any CPU = Debug|Any CPU
		Release|Any CPU = Release|Any CPU
	EndGlobalSection
	GlobalSection(ProjectConfigurationPlatforms) = postSolution
		{3B54A22E-BB11-4BA7-8065-7E31D161FCDE}.Debug|Any CPU.ActiveCfg = Debug|Any CPU
		{3B54A22E-BB11-4BA7-8065-7E31D161FCDE}.Debug|Any CPU.Build.0 = Debug|Any CPU
		{3B54A22E-BB11-4BA7-8065-7E31D161FCDE}.Release|Any CPU.ActiveCfg = Release|Any CPU
		{3B54A22E-BB11-4BA7-8065-7E31D161FCDE}.Release|Any CPU.Build.0 = Release|Any CPU
	EndGlobalSection
	GlobalSection(SolutionProperties) = preSolution
		HideSolutionNode = FALSE
	EndGlobalSection
	GlobalSection(ExtensibilityGlobals) = postSolution
		SolutionGuid = {5A1E32FF-147D-46AE-9156-D019344C3A06}
	EndGlobalSection
EndGlobal
